// !$*UTF8*$!
{
	archiveVersion = 1;
	classes = {
	};
	objectVersion = 50;
	objects = {

/* Begin PBXBuildFile section */
		0C18CB1226432ECA004E45C1 /* YearGraphCollectionView.swift in Sources */ = {isa = PBXBuildFile; fileRef = 0C18CB1126432ECA004E45C1 /* YearGraphCollectionView.swift */; };
		0C18CB1526433369004E45C1 /* YearGraphCollectionModel.swift in Sources */ = {isa = PBXBuildFile; fileRef = 0C18CB1426433369004E45C1 /* YearGraphCollectionModel.swift */; };
		0C18CB172643451F004E45C1 /* YearGraphCollectionViewCell.swift in Sources */ = {isa = PBXBuildFile; fileRef = 0C18CB162643451F004E45C1 /* YearGraphCollectionViewCell.swift */; };
		0C18CB192643565B004E45C1 /* GraphView.swift in Sources */ = {isa = PBXBuildFile; fileRef = 0C18CB182643565B004E45C1 /* GraphView.swift */; };
		0C18CB2626458B09004E45C1 /* DayCell.swift in Sources */ = {isa = PBXBuildFile; fileRef = 0C18CB2526458B09004E45C1 /* DayCell.swift */; };
		0C273BD62642DD2D0093FABC /* Poppins-Light.ttf in Resources */ = {isa = PBXBuildFile; fileRef = 0C273BD52642DD2D0093FABC /* Poppins-Light.ttf */; };
		0C2952422646B24B009D0BEE /* TotalUsersViewController.swift in Sources */ = {isa = PBXBuildFile; fileRef = 0C2952412646B24B009D0BEE /* TotalUsersViewController.swift */; };
		0C3E160C2637230F007AF197 /* Poppins-Regular.ttf in Resources */ = {isa = PBXBuildFile; fileRef = 0C3E160B2637230F007AF197 /* Poppins-Regular.ttf */; };
		0C83A8F7263B530B009A4475 /* Poppins in Resources */ = {isa = PBXBuildFile; fileRef = 0C83A8F6263B530B009A4475 /* Poppins */; };
		0C83A8F9263BD5FB009A4475 /* DashboardViewController.swift in Sources */ = {isa = PBXBuildFile; fileRef = 0C83A8F8263BD5FB009A4475 /* DashboardViewController.swift */; };
		0C83A8FB263BED09009A4475 /* DashboardCollectionView.swift in Sources */ = {isa = PBXBuildFile; fileRef = 0C83A8FA263BED09009A4475 /* DashboardCollectionView.swift */; };
		0C83A8FD263BEFBE009A4475 /* dashboardCollectionModel.swift in Sources */ = {isa = PBXBuildFile; fileRef = 0C83A8FC263BEFBE009A4475 /* dashboardCollectionModel.swift */; };
		0C83A8FF263BF4B8009A4475 /* DashboardCollectionViewCell.swift in Sources */ = {isa = PBXBuildFile; fileRef = 0C83A8FE263BF4B8009A4475 /* DashboardCollectionViewCell.swift */; };
		0C8A5A21263D56C9007BCE64 /* TestVIew.swift in Sources */ = {isa = PBXBuildFile; fileRef = 0C8A5A20263D56C9007BCE64 /* TestVIew.swift */; };
		0CC8A7EA2637094600B76737 /* AppDelegate.swift in Sources */ = {isa = PBXBuildFile; fileRef = 0CC8A7E92637094600B76737 /* AppDelegate.swift */; };
		0CC8A7EC2637094600B76737 /* SceneDelegate.swift in Sources */ = {isa = PBXBuildFile; fileRef = 0CC8A7EB2637094600B76737 /* SceneDelegate.swift */; };
		0CC8A7EE2637094600B76737 /* RegisterViewController.swift in Sources */ = {isa = PBXBuildFile; fileRef = 0CC8A7ED2637094600B76737 /* RegisterViewController.swift */; };
		0CC8A7F12637094600B76737 /* Main.storyboard in Resources */ = {isa = PBXBuildFile; fileRef = 0CC8A7EF2637094600B76737 /* Main.storyboard */; };
		0CC8A7F32637094600B76737 /* Assets.xcassets in Resources */ = {isa = PBXBuildFile; fileRef = 0CC8A7F22637094600B76737 /* Assets.xcassets */; };
		0CC8A7F62637094600B76737 /* LaunchScreen.storyboard in Resources */ = {isa = PBXBuildFile; fileRef = 0CC8A7F42637094600B76737 /* LaunchScreen.storyboard */; };
		0CC8A80126371D1700B76737 /* Poppins-Bold.ttf in Resources */ = {isa = PBXBuildFile; fileRef = 0CC8A80026371D1700B76737 /* Poppins-Bold.ttf */; };
/* End PBXBuildFile section */

/* Begin PBXFileReference section */
		0C18CB1126432ECA004E45C1 /* YearGraphCollectionView.swift */ = {isa = PBXFileReference; lastKnownFileType = sourcecode.swift; path = YearGraphCollectionView.swift; sourceTree = "<group>"; };
		0C18CB1426433369004E45C1 /* YearGraphCollectionModel.swift */ = {isa = PBXFileReference; lastKnownFileType = sourcecode.swift; path = YearGraphCollectionModel.swift; sourceTree = "<group>"; };
		0C18CB162643451F004E45C1 /* YearGraphCollectionViewCell.swift */ = {isa = PBXFileReference; lastKnownFileType = sourcecode.swift; path = YearGraphCollectionViewCell.swift; sourceTree = "<group>"; };
		0C18CB182643565B004E45C1 /* GraphView.swift */ = {isa = PBXFileReference; lastKnownFileType = sourcecode.swift; path = GraphView.swift; sourceTree = "<group>"; };
		0C18CB2526458B09004E45C1 /* DayCell.swift */ = {isa = PBXFileReference; lastKnownFileType = sourcecode.swift; path = DayCell.swift; sourceTree = "<group>"; };
		0C273BD52642DD2D0093FABC /* Poppins-Light.ttf */ = {isa = PBXFileReference; lastKnownFileType = file; name = "Poppins-Light.ttf"; path = "../../../Downloads/Poppins/Poppins-Light.ttf"; sourceTree = "<group>"; };
		0C2952412646B24B009D0BEE /* TotalUsersViewController.swift */ = {isa = PBXFileReference; lastKnownFileType = sourcecode.swift; path = TotalUsersViewController.swift; sourceTree = "<group>"; };
		0C3E160B2637230F007AF197 /* Poppins-Regular.ttf */ = {isa = PBXFileReference; lastKnownFileType = file; name = "Poppins-Regular.ttf"; path = "../../../Downloads/Poppins/Poppins-Regular.ttf"; sourceTree = "<group>"; };
		0C83A8F6263B530B009A4475 /* Poppins */ = {isa = PBXFileReference; lastKnownFileType = folder; name = Poppins; path = ../../../Downloads/Poppins; sourceTree = "<group>"; };
		0C83A8F8263BD5FB009A4475 /* DashboardViewController.swift */ = {isa = PBXFileReference; lastKnownFileType = sourcecode.swift; path = DashboardViewController.swift; sourceTree = "<group>"; };
		0C83A8FA263BED09009A4475 /* DashboardCollectionView.swift */ = {isa = PBXFileReference; lastKnownFileType = sourcecode.swift; path = DashboardCollectionView.swift; sourceTree = "<group>"; };
		0C83A8FC263BEFBE009A4475 /* dashboardCollectionModel.swift */ = {isa = PBXFileReference; lastKnownFileType = sourcecode.swift; path = dashboardCollectionModel.swift; sourceTree = "<group>"; };
		0C83A8FE263BF4B8009A4475 /* DashboardCollectionViewCell.swift */ = {isa = PBXFileReference; lastKnownFileType = sourcecode.swift; path = DashboardCollectionViewCell.swift; sourceTree = "<group>"; };
		0C8A5A20263D56C9007BCE64 /* TestVIew.swift */ = {isa = PBXFileReference; lastKnownFileType = sourcecode.swift; path = TestVIew.swift; sourceTree = "<group>"; };
		0CC8A7E62637094600B76737 /* UserAnalytics.app */ = {isa = PBXFileReference; explicitFileType = wrapper.application; includeInIndex = 0; path = UserAnalytics.app; sourceTree = BUILT_PRODUCTS_DIR; };
		0CC8A7E92637094600B76737 /* AppDelegate.swift */ = {isa = PBXFileReference; lastKnownFileType = sourcecode.swift; path = AppDelegate.swift; sourceTree = "<group>"; };
		0CC8A7EB2637094600B76737 /* SceneDelegate.swift */ = {isa = PBXFileReference; lastKnownFileType = sourcecode.swift; path = SceneDelegate.swift; sourceTree = "<group>"; };
		0CC8A7ED2637094600B76737 /* RegisterViewController.swift */ = {isa = PBXFileReference; lastKnownFileType = sourcecode.swift; path = RegisterViewController.swift; sourceTree = "<group>"; };
		0CC8A7F02637094600B76737 /* Base */ = {isa = PBXFileReference; lastKnownFileType = file.storyboard; name = Base; path = Base.lproj/Main.storyboard; sourceTree = "<group>"; };
		0CC8A7F22637094600B76737 /* Assets.xcassets */ = {isa = PBXFileReference; lastKnownFileType = folder.assetcatalog; path = Assets.xcassets; sourceTree = "<group>"; };
		0CC8A7F52637094600B76737 /* Base */ = {isa = PBXFileReference; lastKnownFileType = file.storyboard; name = Base; path = Base.lproj/LaunchScreen.storyboard; sourceTree = "<group>"; };
		0CC8A7F72637094600B76737 /* Info.plist */ = {isa = PBXFileReference; lastKnownFileType = text.plist.xml; path = Info.plist; sourceTree = "<group>"; };
		0CC8A80026371D1700B76737 /* Poppins-Bold.ttf */ = {isa = PBXFileReference; lastKnownFileType = file; name = "Poppins-Bold.ttf"; path = "../../../Downloads/Poppins/Poppins-Bold.ttf"; sourceTree = "<group>"; };
/* End PBXFileReference section */

/* Begin PBXFrameworksBuildPhase section */
		0CC8A7E32637094600B76737 /* Frameworks */ = {
			isa = PBXFrameworksBuildPhase;
			buildActionMask = 2147483647;
			files = (
			);
			runOnlyForDeploymentPostprocessing = 0;
		};
/* End PBXFrameworksBuildPhase section */

/* Begin PBXGroup section */
		0C18CB1326433313004E45C1 /* YearGraphCollectionView */ = {
			isa = PBXGroup;
			children = (
				0C18CB1126432ECA004E45C1 /* YearGraphCollectionView.swift */,
				0C18CB162643451F004E45C1 /* YearGraphCollectionViewCell.swift */,
				0C18CB1426433369004E45C1 /* YearGraphCollectionModel.swift */,
			);
			path = YearGraphCollectionView;
			sourceTree = "<group>";
		};
		0C83A900263C1519009A4475 /* DashboardCollectionView */ = {
			isa = PBXGroup;
			children = (
				0C83A8FC263BEFBE009A4475 /* dashboardCollectionModel.swift */,
				0C83A8FE263BF4B8009A4475 /* DashboardCollectionViewCell.swift */,
				0C83A8FA263BED09009A4475 /* DashboardCollectionView.swift */,
			);
			path = DashboardCollectionView;
			sourceTree = "<group>";
		};
		0CC8A7DD2637094600B76737 = {
			isa = PBXGroup;
			children = (
				0CC8A7E82637094600B76737 /* UserAnalytics */,
				0CC8A7E72637094600B76737 /* Products */,
			);
			sourceTree = "<group>";
		};
		0CC8A7E72637094600B76737 /* Products */ = {
			isa = PBXGroup;
			children = (
				0CC8A7E62637094600B76737 /* UserAnalytics.app */,
			);
			name = Products;
			sourceTree = "<group>";
		};
		0CC8A7E82637094600B76737 /* UserAnalytics */ = {
			isa = PBXGroup;
			children = (
				0CC8A7E92637094600B76737 /* AppDelegate.swift */,
				0C83A900263C1519009A4475 /* DashboardCollectionView */,
				0CC8A7EB2637094600B76737 /* SceneDelegate.swift */,
				0CC8A7ED2637094600B76737 /* RegisterViewController.swift */,
				0C18CB1326433313004E45C1 /* YearGraphCollectionView */,
				0CC8A7EF2637094600B76737 /* Main.storyboard */,
				0C2952412646B24B009D0BEE /* TotalUsersViewController.swift */,
				0C8A5A20263D56C9007BCE64 /* TestVIew.swift */,
				0C18CB182643565B004E45C1 /* GraphView.swift */,
				0C83A8F8263BD5FB009A4475 /* DashboardViewController.swift */,
				0C18CB2526458B09004E45C1 /* DayCell.swift */,
				0C273BD52642DD2D0093FABC /* Poppins-Light.ttf */,
				0C3E160B2637230F007AF197 /* Poppins-Regular.ttf */,
				0C83A8F6263B530B009A4475 /* Poppins */,
				0CC8A80026371D1700B76737 /* Poppins-Bold.ttf */,
				0CC8A7F22637094600B76737 /* Assets.xcassets */,
				0CC8A7F42637094600B76737 /* LaunchScreen.storyboard */,
				0CC8A7F72637094600B76737 /* Info.plist */,
			);
			path = UserAnalytics;
			sourceTree = "<group>";
		};
/* End PBXGroup section */

/* Begin PBXNativeTarget section */
		0CC8A7E52637094600B76737 /* UserAnalytics */ = {
			isa = PBXNativeTarget;
			buildConfigurationList = 0CC8A7FA2637094700B76737 /* Build configuration list for PBXNativeTarget "UserAnalytics" */;
			buildPhases = (
				0CC8A7E22637094600B76737 /* Sources */,
				0CC8A7E32637094600B76737 /* Frameworks */,
				0CC8A7E42637094600B76737 /* Resources */,
			);
			buildRules = (
			);
			dependencies = (
			);
			name = UserAnalytics;
			productName = UserAnalytics;
			productReference = 0CC8A7E62637094600B76737 /* UserAnalytics.app */;
			productType = "com.apple.product-type.application";
		};
/* End PBXNativeTarget section */

/* Begin PBXProject section */
		0CC8A7DE2637094600B76737 /* Project object */ = {
			isa = PBXProject;
			attributes = {
				LastSwiftUpdateCheck = 1240;
				LastUpgradeCheck = 1240;
				TargetAttributes = {
					0CC8A7E52637094600B76737 = {
						CreatedOnToolsVersion = 12.4;
					};
				};
			};
			buildConfigurationList = 0CC8A7E12637094600B76737 /* Build configuration list for PBXProject "UserAnalytics" */;
			compatibilityVersion = "Xcode 9.3";
			developmentRegion = en;
			hasScannedForEncodings = 0;
			knownRegions = (
				en,
				Base,
			);
			mainGroup = 0CC8A7DD2637094600B76737;
			productRefGroup = 0CC8A7E72637094600B76737 /* Products */;
			projectDirPath = "";
			projectRoot = "";
			targets = (
				0CC8A7E52637094600B76737 /* UserAnalytics */,
			);
		};
/* End PBXProject section */

/* Begin PBXResourcesBuildPhase section */
		0CC8A7E42637094600B76737 /* Resources */ = {
			isa = PBXResourcesBuildPhase;
			buildActionMask = 2147483647;
			files = (
				0C273BD62642DD2D0093FABC /* Poppins-Light.ttf in Resources */,
				0C83A8F7263B530B009A4475 /* Poppins in Resources */,
				0CC8A7F62637094600B76737 /* LaunchScreen.storyboard in Resources */,
				0CC8A7F32637094600B76737 /* Assets.xcassets in Resources */,
				0C3E160C2637230F007AF197 /* Poppins-Regular.ttf in Resources */,
				0CC8A7F12637094600B76737 /* Main.storyboard in Resources */,
				0CC8A80126371D1700B76737 /* Poppins-Bold.ttf in Resources */,
			);
			runOnlyForDeploymentPostprocessing = 0;
		};
/* End PBXResourcesBuildPhase section */

/* Begin PBXSourcesBuildPhase section */
		0CC8A7E22637094600B76737 /* Sources */ = {
			isa = PBXSourcesBuildPhase;
			buildActionMask = 2147483647;
			files = (
				0C18CB172643451F004E45C1 /* YearGraphCollectionViewCell.swift in Sources */,
				0C83A8FB263BED09009A4475 /* DashboardCollectionView.swift in Sources */,
				0C18CB1526433369004E45C1 /* YearGraphCollectionModel.swift in Sources */,
				0CC8A7EE2637094600B76737 /* RegisterViewController.swift in Sources */,
				0CC8A7EA2637094600B76737 /* AppDelegate.swift in Sources */,
				0C18CB2626458B09004E45C1 /* DayCell.swift in Sources */,
				0C8A5A21263D56C9007BCE64 /* TestVIew.swift in Sources */,
				0CC8A7EC2637094600B76737 /* SceneDelegate.swift in Sources */,
				0C83A8FF263BF4B8009A4475 /* DashboardCollectionViewCell.swift in Sources */,
				0C18CB1226432ECA004E45C1 /* YearGraphCollectionView.swift in Sources */,
				0C83A8FD263BEFBE009A4475 /* dashboardCollectionModel.swift in Sources */,
				0C83A8F9263BD5FB009A4475 /* DashboardViewController.swift in Sources */,
				0C2952422646B24B009D0BEE /* TotalUsersViewController.swift in Sources */,
				0C18CB192643565B004E45C1 /* GraphView.swift in Sources */,
			);
			runOnlyForDeploymentPostprocessing = 0;
		};
/* End PBXSourcesBuildPhase section */

/* Begin PBXVariantGroup section */
		0CC8A7EF2637094600B76737 /* Main.storyboard */ = {
			isa = PBXVariantGroup;
			children = (
				0CC8A7F02637094600B76737 /* Base */,
			);
			name = Main.storyboard;
			sourceTree = "<group>";
		};
		0CC8A7F42637094600B76737 /* LaunchScreen.storyboard */ = {
			isa = PBXVariantGroup;
			children = (
				0CC8A7F52637094600B76737 /* Base */,
			);
			name = LaunchScreen.storyboard;
			sourceTree = "<group>";
		};
/* End PBXVariantGroup section */

/* Begin XCBuildConfiguration section */
		0CC8A7F82637094700B76737 /* Debug */ = {
			isa = XCBuildConfiguration;
			buildSettings = {
				ALWAYS_SEARCH_USER_PATHS = NO;
				CLANG_ANALYZER_NONNULL = YES;
				CLANG_ANALYZER_NUMBER_OBJECT_CONVERSION = YES_AGGRESSIVE;
				CLANG_CXX_LANGUAGE_STANDARD = "gnu++14";
				CLANG_CXX_LIBRARY = "libc++";
				CLANG_ENABLE_MODULES = YES;
				CLANG_ENABLE_OBJC_ARC = YES;
				CLANG_ENABLE_OBJC_WEAK = YES;
				CLANG_WARN_BLOCK_CAPTURE_AUTORELEASING = YES;
				CLANG_WARN_BOOL_CONVERSION = YES;
				CLANG_WARN_COMMA = YES;
				CLANG_WARN_CONSTANT_CONVERSION = YES;
				CLANG_WARN_DEPRECATED_OBJC_IMPLEMENTATIONS = YES;
				CLANG_WARN_DIRECT_OBJC_ISA_USAGE = YES_ERROR;
				CLANG_WARN_DOCUMENTATION_COMMENTS = YES;
				CLANG_WARN_EMPTY_BODY = YES;
				CLANG_WARN_ENUM_CONVERSION = YES;
				CLANG_WARN_INFINITE_RECURSION = YES;
				CLANG_WARN_INT_CONVERSION = YES;
				CLANG_WARN_NON_LITERAL_NULL_CONVERSION = YES;
				CLANG_WARN_OBJC_IMPLICIT_RETAIN_SELF = YES;
				CLANG_WARN_OBJC_LITERAL_CONVERSION = YES;
				CLANG_WARN_OBJC_ROOT_CLASS = YES_ERROR;
				CLANG_WARN_QUOTED_INCLUDE_IN_FRAMEWORK_HEADER = YES;
				CLANG_WARN_RANGE_LOOP_ANALYSIS = YES;
				CLANG_WARN_STRICT_PROTOTYPES = YES;
				CLANG_WARN_SUSPICIOUS_MOVE = YES;
				CLANG_WARN_UNGUARDED_AVAILABILITY = YES_AGGRESSIVE;
				CLANG_WARN_UNREACHABLE_CODE = YES;
				CLANG_WARN__DUPLICATE_METHOD_MATCH = YES;
				COPY_PHASE_STRIP = NO;
				DEBUG_INFORMATION_FORMAT = dwarf;
				ENABLE_STRICT_OBJC_MSGSEND = YES;
				ENABLE_TESTABILITY = YES;
				GCC_C_LANGUAGE_STANDARD = gnu11;
				GCC_DYNAMIC_NO_PIC = NO;
				GCC_NO_COMMON_BLOCKS = YES;
				GCC_OPTIMIZATION_LEVEL = 0;
				GCC_PREPROCESSOR_DEFINITIONS = (
					"DEBUG=1",
					"$(inherited)",
				);
				GCC_WARN_64_TO_32_BIT_CONVERSION = YES;
				GCC_WARN_ABOUT_RETURN_TYPE = YES_ERROR;
				GCC_WARN_UNDECLARED_SELECTOR = YES;
				GCC_WARN_UNINITIALIZED_AUTOS = YES_AGGRESSIVE;
				GCC_WARN_UNUSED_FUNCTION = YES;
				GCC_WARN_UNUSED_VARIABLE = YES;
				IPHONEOS_DEPLOYMENT_TARGET = 14.4;
				MTL_ENABLE_DEBUG_INFO = INCLUDE_SOURCE;
				MTL_FAST_MATH = YES;
				ONLY_ACTIVE_ARCH = YES;
				SDKROOT = iphoneos;
				SWIFT_ACTIVE_COMPILATION_CONDITIONS = DEBUG;
				SWIFT_OPTIMIZATION_LEVEL = "-Onone";
			};
			name = Debug;
		};
		0CC8A7F92637094700B76737 /* Release */ = {
			isa = XCBuildConfiguration;
			buildSettings = {
				ALWAYS_SEARCH_USER_PATHS = NO;
				CLANG_ANALYZER_NONNULL = YES;
				CLANG_ANALYZER_NUMBER_OBJECT_CONVERSION = YES_AGGRESSIVE;
				CLANG_CXX_LANGUAGE_STANDARD = "gnu++14";
				CLANG_CXX_LIBRARY = "libc++";
				CLANG_ENABLE_MODULES = YES;
				CLANG_ENABLE_OBJC_ARC = YES;
				CLANG_ENABLE_OBJC_WEAK = YES;
				CLANG_WARN_BLOCK_CAPTURE_AUTORELEASING = YES;
				CLANG_WARN_BOOL_CONVERSION = YES;
				CLANG_WARN_COMMA = YES;
				CLANG_WARN_CONSTANT_CONVERSION = YES;
				CLANG_WARN_DEPRECATED_OBJC_IMPLEMENTATIONS = YES;
				CLANG_WARN_DIRECT_OBJC_ISA_USAGE = YES_ERROR;
				CLANG_WARN_DOCUMENTATION_COMMENTS = YES;
				CLANG_WARN_EMPTY_BODY = YES;
				CLANG_WARN_ENUM_CONVERSION = YES;
				CLANG_WARN_INFINITE_RECURSION = YES;
				CLANG_WARN_INT_CONVERSION = YES;
				CLANG_WARN_NON_LITERAL_NULL_CONVERSION = YES;
				CLANG_WARN_OBJC_IMPLICIT_RETAIN_SELF = YES;
				CLANG_WARN_OBJC_LITERAL_CONVERSION = YES;
				CLANG_WARN_OBJC_ROOT_CLASS = YES_ERROR;
				CLANG_WARN_QUOTED_INCLUDE_IN_FRAMEWORK_HEADER = YES;
				CLANG_WARN_RANGE_LOOP_ANALYSIS = YES;
				CLANG_WARN_STRICT_PROTOTYPES = YES;
				CLANG_WARN_SUSPICIOUS_MOVE = YES;
				CLANG_WARN_UNGUARDED_AVAILABILITY = YES_AGGRESSIVE;
				CLANG_WARN_UNREACHABLE_CODE = YES;
				CLANG_WARN__DUPLICATE_METHOD_MATCH = YES;
				COPY_PHASE_STRIP = NO;
				DEBUG_INFORMATION_FORMAT = "dwarf-with-dsym";
				ENABLE_NS_ASSERTIONS = NO;
				ENABLE_STRICT_OBJC_MSGSEND = YES;
				GCC_C_LANGUAGE_STANDARD = gnu11;
				GCC_NO_COMMON_BLOCKS = YES;
				GCC_WARN_64_TO_32_BIT_CONVERSION = YES;
				GCC_WARN_ABOUT_RETURN_TYPE = YES_ERROR;
				GCC_WARN_UNDECLARED_SELECTOR = YES;
				GCC_WARN_UNINITIALIZED_AUTOS = YES_AGGRESSIVE;
				GCC_WARN_UNUSED_FUNCTION = YES;
				GCC_WARN_UNUSED_VARIABLE = YES;
				IPHONEOS_DEPLOYMENT_TARGET = 14.4;
				MTL_ENABLE_DEBUG_INFO = NO;
				MTL_FAST_MATH = YES;
				SDKROOT = iphoneos;
				SWIFT_COMPILATION_MODE = wholemodule;
				SWIFT_OPTIMIZATION_LEVEL = "-O";
				VALIDATE_PRODUCT = YES;
			};
			name = Release;
		};
		0CC8A7FB2637094700B76737 /* Debug */ = {
			isa = XCBuildConfiguration;
			buildSettings = {
				ASSETCATALOG_COMPILER_APPICON_NAME = AppIcon;
				ASSETCATALOG_COMPILER_GLOBAL_ACCENT_COLOR_NAME = AccentColor;
				CODE_SIGN_STYLE = Automatic;
				DEVELOPMENT_TEAM = R53Z54YJ8K;
				INFOPLIST_FILE = UserAnalytics/Info.plist;
				LD_RUNPATH_SEARCH_PATHS = (
					"$(inherited)",
					"@executable_path/Frameworks",
				);
				PRODUCT_BUNDLE_IDENTIFIER = com.olehdovhann.UserAnalytics;
				PRODUCT_NAME = "$(TARGET_NAME)";
				SWIFT_VERSION = 5.0;
				TARGETED_DEVICE_FAMILY = "1,2";
			};
			name = Debug;
		};
		0CC8A7FC2637094700B76737 /* Release */ = {
			isa = XCBuildConfiguration;
			buildSettings = {
				ASSETCATALOG_COMPILER_APPICON_NAME = AppIcon;
				ASSETCATALOG_COMPILER_GLOBAL_ACCENT_COLOR_NAME = AccentColor;
				CODE_SIGN_STYLE = Automatic;
				DEVELOPMENT_TEAM = R53Z54YJ8K;
				INFOPLIST_FILE = UserAnalytics/Info.plist;
				LD_RUNPATH_SEARCH_PATHS = (
					"$(inherited)",
					"@executable_path/Frameworks",
				);
				PRODUCT_BUNDLE_IDENTIFIER = com.olehdovhann.UserAnalytics;
				PRODUCT_NAME = "$(TARGET_NAME)";
				SWIFT_VERSION = 5.0;
				TARGETED_DEVICE_FAMILY = "1,2";
			};
			name = Release;
		};
/* End XCBuildConfiguration section */

/* Begin XCConfigurationList section */
		0CC8A7E12637094600B76737 /* Build configuration list for PBXProject "UserAnalytics" */ = {
			isa = XCConfigurationList;
			buildConfigurations = (
				0CC8A7F82637094700B76737 /* Debug */,
				0CC8A7F92637094700B76737 /* Release */,
			);
			defaultConfigurationIsVisible = 0;
			defaultConfigurationName = Release;
		};
		0CC8A7FA2637094700B76737 /* Build configuration list for PBXNativeTarget "UserAnalytics" */ = {
			isa = XCConfigurationList;
			buildConfigurations = (
				0CC8A7FB2637094700B76737 /* Debug */,
				0CC8A7FC2637094700B76737 /* Release */,
			);
			defaultConfigurationIsVisible = 0;
			defaultConfigurationName = Release;
		};
/* End XCConfigurationList section */
	};
	rootObject = 0CC8A7DE2637094600B76737 /* Project object */;
}
